
Microsoft Visual Studio Solution File, Format Version 12.00
Project("{FAE04EC0-301F-11D3-BF4B-00C04F79EFBC}") = "TodoList.Api", "TodoList.Api\TodoList.Api.csproj", "{F052156E-261A-4C80-B9B8-BAA7D77DF541}"
EndProject
Project("{FAE04EC0-301F-11D3-BF4B-00C04F79EFBC}") = "TodoList.Core", "TodoList.Core\TodoList.Core.csproj", "{2831BA46-06B5-4194-8D65-CFB7CA9D024C}"
EndProject
Project("{FAE04EC0-301F-11D3-BF4B-00C04F79EFBC}") = "TodoList.Infrastructure.SQL", "TodoList.Infrastructure.SQL\TodoList.Infrastructure.SQL.csproj", "{26D808D7-1DDD-4C4A-881B-7BF1DAB8F3A4}"
EndProject
Project("{FAE04EC0-301F-11D3-BF4B-00C04F79EFBC}") = "TodoList.Core.Tests", "TodoList.Core.Tests\TodoList.Core.Tests.csproj", "{3E6F643B-4333-4CD5-92C7-603BF028CF97}"
EndProject
Project("{FAE04EC0-301F-11D3-BF4B-00C04F79EFBC}") = "TodoList.Api.Tests", "TodoList.Api.Tests\TodoList.Api.Tests.csproj", "{91570BB9-35DD-4CE3-AFA3-96B7FD0DD84A}"
EndProject
Project("{FAE04EC0-301F-11D3-BF4B-00C04F79EFBC}") = "TodoList.Infrastructure.SQL.Tests", "TodoList.Infrastructure.SQL.Tests\TodoList.Infrastructure.SQL.Tests.csproj", "{3A918478-AA0E-4DAC-BEA2-97EDD74CBF2E}"
EndProject
Project("{2150E333-8FDC-42A3-9474-1A3956D46DE8}") = "src", "src", "{43C2E761-5A30-40B1-B9EA-A138C9D2CBD2}"
EndProject
Project("{2150E333-8FDC-42A3-9474-1A3956D46DE8}") = "tests", "tests", "{E26DDB2B-425A-4E35-A046-4F66A560CB26}"
EndProject
Global
	GlobalSection(SolutionConfigurationPlatforms) = preSolution
		Debug|Any CPU = Debug|Any CPU
		Release|Any CPU = Release|Any CPU
	EndGlobalSection
	GlobalSection(ProjectConfigurationPlatforms) = postSolution
		{F052156E-261A-4C80-B9B8-BAA7D77DF541}.Debug|Any CPU.ActiveCfg = Debug|Any CPU
		{F052156E-261A-4C80-B9B8-BAA7D77DF541}.Debug|Any CPU.Build.0 = Debug|Any CPU
		{F052156E-261A-4C80-B9B8-BAA7D77DF541}.Release|Any CPU.ActiveCfg = Release|Any CPU
		{F052156E-261A-4C80-B9B8-BAA7D77DF541}.Release|Any CPU.Build.0 = Release|Any CPU
		{2831BA46-06B5-4194-8D65-CFB7CA9D024C}.Debug|Any CPU.ActiveCfg = Debug|Any CPU
		{2831BA46-06B5-4194-8D65-CFB7CA9D024C}.Debug|Any CPU.Build.0 = Debug|Any CPU
		{2831BA46-06B5-4194-8D65-CFB7CA9D024C}.Release|Any CPU.ActiveCfg = Release|Any CPU
		{2831BA46-06B5-4194-8D65-CFB7CA9D024C}.Release|Any CPU.Build.0 = Release|Any CPU
		{26D808D7-1DDD-4C4A-881B-7BF1DAB8F3A4}.Debug|Any CPU.ActiveCfg = Debug|Any CPU
		{26D808D7-1DDD-4C4A-881B-7BF1DAB8F3A4}.Debug|Any CPU.Build.0 = Debug|Any CPU
		{26D808D7-1DDD-4C4A-881B-7BF1DAB8F3A4}.Release|Any CPU.ActiveCfg = Release|Any CPU
		{26D808D7-1DDD-4C4A-881B-7BF1DAB8F3A4}.Release|Any CPU.Build.0 = Release|Any CPU
		{3E6F643B-4333-4CD5-92C7-603BF028CF97}.Debug|Any CPU.ActiveCfg = Debug|Any CPU
		{3E6F643B-4333-4CD5-92C7-603BF028CF97}.Debug|Any CPU.Build.0 = Debug|Any CPU
		{3E6F643B-4333-4CD5-92C7-603BF028CF97}.Release|Any CPU.ActiveCfg = Release|Any CPU
		{3E6F643B-4333-4CD5-92C7-603BF028CF97}.Release|Any CPU.Build.0 = Release|Any CPU
		{91570BB9-35DD-4CE3-AFA3-96B7FD0DD84A}.Debug|Any CPU.ActiveCfg = Debug|Any CPU
		{91570BB9-35DD-4CE3-AFA3-96B7FD0DD84A}.Debug|Any CPU.Build.0 = Debug|Any CPU
		{91570BB9-35DD-4CE3-AFA3-96B7FD0DD84A}.Release|Any CPU.ActiveCfg = Release|Any CPU
		{91570BB9-35DD-4CE3-AFA3-96B7FD0DD84A}.Release|Any CPU.Build.0 = Release|Any CPU
		{3A918478-AA0E-4DAC-BEA2-97EDD74CBF2E}.Debug|Any CPU.ActiveCfg = Debug|Any CPU
		{3A918478-AA0E-4DAC-BEA2-97EDD74CBF2E}.Debug|Any CPU.Build.0 = Debug|Any CPU
		{3A918478-AA0E-4DAC-BEA2-97EDD74CBF2E}.Release|Any CPU.ActiveCfg = Release|Any CPU
		{3A918478-AA0E-4DAC-BEA2-97EDD74CBF2E}.Release|Any CPU.Build.0 = Release|Any CPU
	EndGlobalSection
	GlobalSection(NestedProjects) = preSolution
		{F052156E-261A-4C80-B9B8-BAA7D77DF541} = {43C2E761-5A30-40B1-B9EA-A138C9D2CBD2}
		{2831BA46-06B5-4194-8D65-CFB7CA9D024C} = {43C2E761-5A30-40B1-B9EA-A138C9D2CBD2}
		{26D808D7-1DDD-4C4A-881B-7BF1DAB8F3A4} = {43C2E761-5A30-40B1-B9EA-A138C9D2CBD2}
		{91570BB9-35DD-4CE3-AFA3-96B7FD0DD84A} = {E26DDB2B-425A-4E35-A046-4F66A560CB26}
		{3E6F643B-4333-4CD5-92C7-603BF028CF97} = {E26DDB2B-425A-4E35-A046-4F66A560CB26}
		{3A918478-AA0E-4DAC-BEA2-97EDD74CBF2E} = {E26DDB2B-425A-4E35-A046-4F66A560CB26}
	EndGlobalSection
EndGlobal
